
Microsoft Visual Studio Solution File, Format Version 12.00
# Visual Studio 15
VisualStudioVersion = 15.0.28010.2036
MinimumVisualStudioVersion = 10.0.40219.1
Project("{FAE04EC0-301F-11D3-BF4B-00C04F79EFBC}") = "DatasetGeneration", "DatasetGeneration.csproj", "{2C88A941-F692-4058-9AB5-AF53B10E982C}"
EndProject
Global
	GlobalSection(SolutionConfigurationPlatforms) = preSolution
		Debug|Any CPU = Debug|Any CPU
		Release|Any CPU = Release|Any CPU
	EndGlobalSection
	GlobalSection(ProjectConfigurationPlatforms) = postSolution
		{2C88A941-F692-4058-9AB5-AF53B10E982C}.Debug|Any CPU.ActiveCfg = Debug|Any CPU
		{2C88A941-F692-4058-9AB5-AF53B10E982C}.Debug|Any CPU.Build.0 = Debug|Any CPU
		{2C88A941-F692-4058-9AB5-AF53B10E982C}.Release|Any CPU.ActiveCfg = Release|Any CPU
		{2C88A941-F692-4058-9AB5-AF53B10E982C}.Release|Any CPU.Build.0 = Release|Any CPU
	EndGlobalSection
	GlobalSection(SolutionProperties) = preSolution
		HideSolutionNode = FALSE
	EndGlobalSection
	GlobalSection(ExtensibilityGlobals) = postSolution
		SolutionGuid = {75343A50-7F9F-45E0-A94B-CB721F0A5503}
	EndGlobalSection
EndGlobal
